{
  "nodes": {
    "nix-std": {
      "locked": {
        "lastModified": 1701658249,
        "narHash": "sha256-KIt1TUuBvldhaVRta010MI5FeQlB8WadjqljybjesN0=",
        "owner": "chessai",
        "repo": "nix-std",
        "rev": "715db541ffff4194620e48d210b76f73a74b5b5d",
        "type": "github"
      },
      "original": {
        "owner": "chessai",
        "repo": "nix-std",
        "type": "github"
      }
    },
    "root": {
      "inputs": {
        "nix-std": "nix-std"
      }
    }
  },
  "root": "root",
  "version": 7
}
