{
  "nodes": {
    "nix-std": {
      "locked": {
        "lastModified": 1652644856,
        "narHash": "sha256-tRRx4bBFwctWrUhnCNrcRee8Wiol1M7ypQTOPrLLtkc=",
        "owner": "flakelib",
        "repo": "std",
        "rev": "194230d45e99ce84cf25ea8b3ae4774601fc097c",
        "type": "github"
      },
      "original": {
        "owner": "flakelib",
        "ref": "master",
        "repo": "std",
        "type": "github"
      }
    },
    "root": {
      "inputs": {
        "nix-std": "nix-std"
      }
    }
  },
  "root": "root",
  "version": 7
}
